
Microsoft Visual Studio Solution File, Format Version 12.00
# Visual Studio Version 17
VisualStudioVersion = 17.2.32630.192
MinimumVisualStudioVersion = 10.0.40219.1
Project("{9A19103F-16F7-4668-BE54-9A1E7A4F7556}") = "MovieLibrary", "MovieLibrary\MovieLibrary.csproj", "{3E1E76AC-4CD3-4DB2-A33A-D4B75CA0C5BE}"
EndProject
Project("{9A19103F-16F7-4668-BE54-9A1E7A4F7556}") = "MovieLibrary.WinHost", "MovieLibrary.WinHost\MovieLibrary.WinHost.csproj", "{3C79128F-9DAD-43AF-9D85-AD065CBA2119}"
EndProject
Global
	GlobalSection(SolutionConfigurationPlatforms) = preSolution
		Debug|Any CPU = Debug|Any CPU
		Release|Any CPU = Release|Any CPU
	EndGlobalSection
	GlobalSection(ProjectConfigurationPlatforms) = postSolution
		{3E1E76AC-4CD3-4DB2-A33A-D4B75CA0C5BE}.Debug|Any CPU.ActiveCfg = Debug|Any CPU
		{3E1E76AC-4CD3-4DB2-A33A-D4B75CA0C5BE}.Debug|Any CPU.Build.0 = Debug|Any CPU
		{3E1E76AC-4CD3-4DB2-A33A-D4B75CA0C5BE}.Release|Any CPU.ActiveCfg = Release|Any CPU
		{3E1E76AC-4CD3-4DB2-A33A-D4B75CA0C5BE}.Release|Any CPU.Build.0 = Release|Any CPU
		{3C79128F-9DAD-43AF-9D85-AD065CBA2119}.Debug|Any CPU.ActiveCfg = Debug|Any CPU
		{3C79128F-9DAD-43AF-9D85-AD065CBA2119}.Debug|Any CPU.Build.0 = Debug|Any CPU
		{3C79128F-9DAD-43AF-9D85-AD065CBA2119}.Release|Any CPU.ActiveCfg = Release|Any CPU
		{3C79128F-9DAD-43AF-9D85-AD065CBA2119}.Release|Any CPU.Build.0 = Release|Any CPU
	EndGlobalSection
	GlobalSection(SolutionProperties) = preSolution
		HideSolutionNode = FALSE
	EndGlobalSection
	GlobalSection(ExtensibilityGlobals) = postSolution
		SolutionGuid = {C791D816-B10F-4721-B29E-117188D7D16E}
	EndGlobalSection
EndGlobal
